
Microsoft Visual Studio Solution File, Format Version 12.00
# Visual Studio Version 16
VisualStudioVersion = 16.0.30330.147
MinimumVisualStudioVersion = 10.0.40219.1
Project("{FAE04EC0-301F-11D3-BF4B-00C04F79EFBC}") = "TestForm", "TestForm\TestForm.csproj", "{76B56614-8B33-447E-9A79-5C93CC96F72A}"
EndProject
Global
	GlobalSection(SolutionConfigurationPlatforms) = preSolution
		Debug|Any CPU = Debug|Any CPU
		Release|Any CPU = Release|Any CPU
	EndGlobalSection
	GlobalSection(ProjectConfigurationPlatforms) = postSolution
		{76B56614-8B33-447E-9A79-5C93CC96F72A}.Debug|Any CPU.ActiveCfg = Debug|Any CPU
		{76B56614-8B33-447E-9A79-5C93CC96F72A}.Debug|Any CPU.Build.0 = Debug|Any CPU
		{76B56614-8B33-447E-9A79-5C93CC96F72A}.Release|Any CPU.ActiveCfg = Release|Any CPU
		{76B56614-8B33-447E-9A79-5C93CC96F72A}.Release|Any CPU.Build.0 = Release|Any CPU
	EndGlobalSection
	GlobalSection(SolutionProperties) = preSolution
		HideSolutionNode = FALSE
	EndGlobalSection
	GlobalSection(ExtensibilityGlobals) = postSolution
		SolutionGuid = {53130303-17BD-4ECC-AAFB-44CF1C54C55F}
	EndGlobalSection
EndGlobal
